// !$*UTF8*$!
{
	archiveVersion = 1;
	classes = {
	};
	objectVersion = 46;
	objects = {

/* Begin PBXBuildFile section */
		02563D281DAFCB4300583696 /* Emitter.swift in Sources */ = {isa = PBXBuildFile; fileRef = 02563D271DAFCB4300583696 /* Emitter.swift */; };
		02563D2D1DB0CED000583696 /* SynthVerticalSlider.swift in Sources */ = {isa = PBXBuildFile; fileRef = 02563D2C1DB0CED000583696 /* SynthVerticalSlider.swift */; };
		7A7E2CC91DAF7C8800924E7C /* AppDelegate.swift in Sources */ = {isa = PBXBuildFile; fileRef = 7A7E2CC81DAF7C8800924E7C /* AppDelegate.swift */; };
		7A7E2CCB1DAF7C8800924E7C /* ViewController.swift in Sources */ = {isa = PBXBuildFile; fileRef = 7A7E2CCA1DAF7C8800924E7C /* ViewController.swift */; };
		7A7E2CCE1DAF7C8800924E7C /* Main.storyboard in Resources */ = {isa = PBXBuildFile; fileRef = 7A7E2CCC1DAF7C8800924E7C /* Main.storyboard */; };
		7A7E2CD11DAF7C8800924E7C /* Synth.xcdatamodeld in Sources */ = {isa = PBXBuildFile; fileRef = 7A7E2CCF1DAF7C8800924E7C /* Synth.xcdatamodeld */; };
		7A7E2CD31DAF7C8800924E7C /* Assets.xcassets in Resources */ = {isa = PBXBuildFile; fileRef = 7A7E2CD21DAF7C8800924E7C /* Assets.xcassets */; };
		7A7E2CD61DAF7C8800924E7C /* LaunchScreen.storyboard in Resources */ = {isa = PBXBuildFile; fileRef = 7A7E2CD41DAF7C8800924E7C /* LaunchScreen.storyboard */; };
		7A7E2CE11DAF7C8800924E7C /* SynthTests.swift in Sources */ = {isa = PBXBuildFile; fileRef = 7A7E2CE01DAF7C8800924E7C /* SynthTests.swift */; };
		959A29BBBB26D5A8DAD89267 /* libPods-Synth.a in Frameworks */ = {isa = PBXBuildFile; fileRef = FD402E5C88584D5D6E0EB401 /* libPods-Synth.a */; };
		A0D32170886D9B8C3126D1CC /* libPods-SynthTests.a in Frameworks */ = {isa = PBXBuildFile; fileRef = AC85CDDB8DD4C6191CCA9C84 /* libPods-SynthTests.a */; };
/* End PBXBuildFile section */

/* Begin PBXContainerItemProxy section */
		7A7E2CDD1DAF7C8800924E7C /* PBXContainerItemProxy */ = {
			isa = PBXContainerItemProxy;
			containerPortal = 7A7E2CBD1DAF7C8800924E7C /* Project object */;
			proxyType = 1;
			remoteGlobalIDString = 7A7E2CC41DAF7C8800924E7C;
			remoteInfo = Synth;
		};
/* End PBXContainerItemProxy section */

/* Begin PBXFileReference section */
		02563D271DAFCB4300583696 /* Emitter.swift */ = {isa = PBXFileReference; fileEncoding = 4; lastKnownFileType = sourcecode.swift; path = Emitter.swift; sourceTree = "<group>"; };
		02563D2C1DB0CED000583696 /* SynthVerticalSlider.swift */ = {isa = PBXFileReference; fileEncoding = 4; lastKnownFileType = sourcecode.swift; name = SynthVerticalSlider.swift; path = UI/SynthVerticalSlider.swift; sourceTree = "<group>"; };
		2F442A6C88EF17071554F51B /* Pods-Synth.debug.xcconfig */ = {isa = PBXFileReference; includeInIndex = 1; lastKnownFileType = text.xcconfig; name = "Pods-Synth.debug.xcconfig"; path = "Pods/Target Support Files/Pods-Synth/Pods-Synth.debug.xcconfig"; sourceTree = "<group>"; };
		7A7E2CC51DAF7C8800924E7C /* Synth.app */ = {isa = PBXFileReference; explicitFileType = wrapper.application; includeInIndex = 0; path = Synth.app; sourceTree = BUILT_PRODUCTS_DIR; };
		7A7E2CC81DAF7C8800924E7C /* AppDelegate.swift */ = {isa = PBXFileReference; lastKnownFileType = sourcecode.swift; path = AppDelegate.swift; sourceTree = "<group>"; };
		7A7E2CCA1DAF7C8800924E7C /* ViewController.swift */ = {isa = PBXFileReference; lastKnownFileType = sourcecode.swift; path = ViewController.swift; sourceTree = "<group>"; };
		7A7E2CCD1DAF7C8800924E7C /* Base */ = {isa = PBXFileReference; lastKnownFileType = file.storyboard; name = Base; path = Base.lproj/Main.storyboard; sourceTree = "<group>"; };
		7A7E2CD01DAF7C8800924E7C /* Synth.xcdatamodel */ = {isa = PBXFileReference; lastKnownFileType = wrapper.xcdatamodel; path = Synth.xcdatamodel; sourceTree = "<group>"; };
		7A7E2CD21DAF7C8800924E7C /* Assets.xcassets */ = {isa = PBXFileReference; lastKnownFileType = folder.assetcatalog; path = Assets.xcassets; sourceTree = "<group>"; };
		7A7E2CD51DAF7C8800924E7C /* Base */ = {isa = PBXFileReference; lastKnownFileType = file.storyboard; name = Base; path = Base.lproj/LaunchScreen.storyboard; sourceTree = "<group>"; };
		7A7E2CD71DAF7C8800924E7C /* Info.plist */ = {isa = PBXFileReference; lastKnownFileType = text.plist.xml; path = Info.plist; sourceTree = "<group>"; };
		7A7E2CDC1DAF7C8800924E7C /* SynthTests.xctest */ = {isa = PBXFileReference; explicitFileType = wrapper.cfbundle; includeInIndex = 0; path = SynthTests.xctest; sourceTree = BUILT_PRODUCTS_DIR; };
		7A7E2CE01DAF7C8800924E7C /* SynthTests.swift */ = {isa = PBXFileReference; lastKnownFileType = sourcecode.swift; path = SynthTests.swift; sourceTree = "<group>"; };
		7A7E2CE21DAF7C8800924E7C /* Info.plist */ = {isa = PBXFileReference; lastKnownFileType = text.plist.xml; path = Info.plist; sourceTree = "<group>"; };
		AC85CDDB8DD4C6191CCA9C84 /* libPods-SynthTests.a */ = {isa = PBXFileReference; explicitFileType = archive.ar; includeInIndex = 0; path = "libPods-SynthTests.a"; sourceTree = BUILT_PRODUCTS_DIR; };
		BA9C24229D6ACC07B5A9D888 /* Pods-Synth.release.xcconfig */ = {isa = PBXFileReference; includeInIndex = 1; lastKnownFileType = text.xcconfig; name = "Pods-Synth.release.xcconfig"; path = "Pods/Target Support Files/Pods-Synth/Pods-Synth.release.xcconfig"; sourceTree = "<group>"; };
		BB68CE7F329612FD7DDEDC2B /* Pods-SynthTests.debug.xcconfig */ = {isa = PBXFileReference; includeInIndex = 1; lastKnownFileType = text.xcconfig; name = "Pods-SynthTests.debug.xcconfig"; path = "Pods/Target Support Files/Pods-SynthTests/Pods-SynthTests.debug.xcconfig"; sourceTree = "<group>"; };
		E46349F60BDF6DD41C45833C /* Pods-SynthTests.release.xcconfig */ = {isa = PBXFileReference; includeInIndex = 1; lastKnownFileType = text.xcconfig; name = "Pods-SynthTests.release.xcconfig"; path = "Pods/Target Support Files/Pods-SynthTests/Pods-SynthTests.release.xcconfig"; sourceTree = "<group>"; };
		FD402E5C88584D5D6E0EB401 /* libPods-Synth.a */ = {isa = PBXFileReference; explicitFileType = archive.ar; includeInIndex = 0; path = "libPods-Synth.a"; sourceTree = BUILT_PRODUCTS_DIR; };
/* End PBXFileReference section */

/* Begin PBXFrameworksBuildPhase section */
		7A7E2CC21DAF7C8800924E7C /* Frameworks */ = {
			isa = PBXFrameworksBuildPhase;
			buildActionMask = 2147483647;
			files = (
				959A29BBBB26D5A8DAD89267 /* libPods-Synth.a in Frameworks */,
			);
			runOnlyForDeploymentPostprocessing = 0;
		};
		7A7E2CD91DAF7C8800924E7C /* Frameworks */ = {
			isa = PBXFrameworksBuildPhase;
			buildActionMask = 2147483647;
			files = (
				A0D32170886D9B8C3126D1CC /* libPods-SynthTests.a in Frameworks */,
			);
			runOnlyForDeploymentPostprocessing = 0;
		};
/* End PBXFrameworksBuildPhase section */

/* Begin PBXGroup section */
		02563D2B1DB0CEAE00583696 /* UI */ = {
			isa = PBXGroup;
			children = (
				02563D2C1DB0CED000583696 /* SynthVerticalSlider.swift */,
			);
			name = UI;
			sourceTree = "<group>";
		};
		7A7E2CBC1DAF7C8800924E7C = {
			isa = PBXGroup;
			children = (
				7A7E2CC71DAF7C8800924E7C /* Synth */,
				7A7E2CDF1DAF7C8800924E7C /* SynthTests */,
				7A7E2CC61DAF7C8800924E7C /* Products */,
				93FA847BE21BEE7EF138D1C5 /* Pods */,
				93C517904F720E26CEA010F4 /* Frameworks */,
			);
			sourceTree = "<group>";
		};
		7A7E2CC61DAF7C8800924E7C /* Products */ = {
			isa = PBXGroup;
			children = (
				7A7E2CC51DAF7C8800924E7C /* Synth.app */,
				7A7E2CDC1DAF7C8800924E7C /* SynthTests.xctest */,
			);
			name = Products;
			sourceTree = "<group>";
		};
		7A7E2CC71DAF7C8800924E7C /* Synth */ = {
			isa = PBXGroup;
			children = (
				02563D2B1DB0CEAE00583696 /* UI */,
				7A7E2CC81DAF7C8800924E7C /* AppDelegate.swift */,
				7A7E2CCA1DAF7C8800924E7C /* ViewController.swift */,
				7A7E2CCC1DAF7C8800924E7C /* Main.storyboard */,
				7A7E2CD21DAF7C8800924E7C /* Assets.xcassets */,
				7A7E2CD41DAF7C8800924E7C /* LaunchScreen.storyboard */,
				7A7E2CD71DAF7C8800924E7C /* Info.plist */,
				7A7E2CCF1DAF7C8800924E7C /* Synth.xcdatamodeld */,
				02563D271DAFCB4300583696 /* Emitter.swift */,
			);
			path = Synth;
			sourceTree = "<group>";
		};
		7A7E2CDF1DAF7C8800924E7C /* SynthTests */ = {
			isa = PBXGroup;
			children = (
				7A7E2CE01DAF7C8800924E7C /* SynthTests.swift */,
				7A7E2CE21DAF7C8800924E7C /* Info.plist */,
			);
			path = SynthTests;
			sourceTree = "<group>";
		};
		93C517904F720E26CEA010F4 /* Frameworks */ = {
			isa = PBXGroup;
			children = (
				FD402E5C88584D5D6E0EB401 /* libPods-Synth.a */,
				AC85CDDB8DD4C6191CCA9C84 /* libPods-SynthTests.a */,
			);
			name = Frameworks;
			sourceTree = "<group>";
		};
		93FA847BE21BEE7EF138D1C5 /* Pods */ = {
			isa = PBXGroup;
			children = (
				2F442A6C88EF17071554F51B /* Pods-Synth.debug.xcconfig */,
				BA9C24229D6ACC07B5A9D888 /* Pods-Synth.release.xcconfig */,
				BB68CE7F329612FD7DDEDC2B /* Pods-SynthTests.debug.xcconfig */,
				E46349F60BDF6DD41C45833C /* Pods-SynthTests.release.xcconfig */,
			);
			name = Pods;
			sourceTree = "<group>";
		};
/* End PBXGroup section */

/* Begin PBXNativeTarget section */
		7A7E2CC41DAF7C8800924E7C /* Synth */ = {
			isa = PBXNativeTarget;
			buildConfigurationList = 7A7E2CE51DAF7C8800924E7C /* Build configuration list for PBXNativeTarget "Synth" */;
			buildPhases = (
				74BF098B12F6E007D5663590 /* [CP] Check Pods Manifest.lock */,
				7A7E2CC11DAF7C8800924E7C /* Sources */,
				7A7E2CC21DAF7C8800924E7C /* Frameworks */,
				7A7E2CC31DAF7C8800924E7C /* Resources */,
				5011CE9EC73972E6C21DA83E /* [CP] Embed Pods Frameworks */,
				A726E6B608CB8C684E4C1F3F /* [CP] Copy Pods Resources */,
			);
			buildRules = (
			);
			dependencies = (
			);
			name = Synth;
			productName = Synth;
			productReference = 7A7E2CC51DAF7C8800924E7C /* Synth.app */;
			productType = "com.apple.product-type.application";
		};
		7A7E2CDB1DAF7C8800924E7C /* SynthTests */ = {
			isa = PBXNativeTarget;
			buildConfigurationList = 7A7E2CE81DAF7C8800924E7C /* Build configuration list for PBXNativeTarget "SynthTests" */;
			buildPhases = (
				5DBA981D63C6DE61567318F5 /* [CP] Check Pods Manifest.lock */,
				7A7E2CD81DAF7C8800924E7C /* Sources */,
				7A7E2CD91DAF7C8800924E7C /* Frameworks */,
				7A7E2CDA1DAF7C8800924E7C /* Resources */,
				DEC2B2DCA2D59E66E15EAE85 /* [CP] Embed Pods Frameworks */,
				16A1D2746455BCAF04462CF3 /* [CP] Copy Pods Resources */,
			);
			buildRules = (
			);
			dependencies = (
				7A7E2CDE1DAF7C8800924E7C /* PBXTargetDependency */,
			);
			name = SynthTests;
			productName = SynthTests;
			productReference = 7A7E2CDC1DAF7C8800924E7C /* SynthTests.xctest */;
			productType = "com.apple.product-type.bundle.unit-test";
		};
/* End PBXNativeTarget section */

/* Begin PBXProject section */
		7A7E2CBD1DAF7C8800924E7C /* Project object */ = {
			isa = PBXProject;
			attributes = {
				LastSwiftUpdateCheck = 0800;
				LastUpgradeCheck = 0800;
				ORGANIZATIONNAME = Federico;
				TargetAttributes = {
					7A7E2CC41DAF7C8800924E7C = {
						CreatedOnToolsVersion = 8.0;
						DevelopmentTeam = CHG49WKQ27;
						ProvisioningStyle = Automatic;
					};
					7A7E2CDB1DAF7C8800924E7C = {
						CreatedOnToolsVersion = 8.0;
						ProvisioningStyle = Automatic;
						TestTargetID = 7A7E2CC41DAF7C8800924E7C;
					};
				};
			};
			buildConfigurationList = 7A7E2CC01DAF7C8800924E7C /* Build configuration list for PBXProject "Synth" */;
			compatibilityVersion = "Xcode 3.2";
			developmentRegion = English;
			hasScannedForEncodings = 0;
			knownRegions = (
				en,
				Base,
			);
			mainGroup = 7A7E2CBC1DAF7C8800924E7C;
			productRefGroup = 7A7E2CC61DAF7C8800924E7C /* Products */;
			projectDirPath = "";
			projectRoot = "";
			targets = (
				7A7E2CC41DAF7C8800924E7C /* Synth */,
				7A7E2CDB1DAF7C8800924E7C /* SynthTests */,
			);
		};
/* End PBXProject section */

/* Begin PBXResourcesBuildPhase section */
		7A7E2CC31DAF7C8800924E7C /* Resources */ = {
			isa = PBXResourcesBuildPhase;
			buildActionMask = 2147483647;
			files = (
				7A7E2CD61DAF7C8800924E7C /* LaunchScreen.storyboard in Resources */,
				7A7E2CD31DAF7C8800924E7C /* Assets.xcassets in Resources */,
				7A7E2CCE1DAF7C8800924E7C /* Main.storyboard in Resources */,
			);
			runOnlyForDeploymentPostprocessing = 0;
		};
		7A7E2CDA1DAF7C8800924E7C /* Resources */ = {
			isa = PBXResourcesBuildPhase;
			buildActionMask = 2147483647;
			files = (
			);
			runOnlyForDeploymentPostprocessing = 0;
		};
/* End PBXResourcesBuildPhase section */

/* Begin PBXShellScriptBuildPhase section */
		16A1D2746455BCAF04462CF3 /* [CP] Copy Pods Resources */ = {
			isa = PBXShellScriptBuildPhase;
			buildActionMask = 2147483647;
			files = (
			);
			inputPaths = (
			);
			name = "[CP] Copy Pods Resources";
			outputPaths = (
			);
			runOnlyForDeploymentPostprocessing = 0;
			shellPath = /bin/sh;
			shellScript = "\"${SRCROOT}/Pods/Target Support Files/Pods-SynthTests/Pods-SynthTests-resources.sh\"\n";
			showEnvVarsInLog = 0;
		};
		5011CE9EC73972E6C21DA83E /* [CP] Embed Pods Frameworks */ = {
			isa = PBXShellScriptBuildPhase;
			buildActionMask = 2147483647;
			files = (
			);
			inputPaths = (
			);
			name = "[CP] Embed Pods Frameworks";
			outputPaths = (
			);
			runOnlyForDeploymentPostprocessing = 0;
			shellPath = /bin/sh;
			shellScript = "\"${SRCROOT}/Pods/Target Support Files/Pods-Synth/Pods-Synth-frameworks.sh\"\n";
			showEnvVarsInLog = 0;
		};
		5DBA981D63C6DE61567318F5 /* [CP] Check Pods Manifest.lock */ = {
			isa = PBXShellScriptBuildPhase;
			buildActionMask = 2147483647;
			files = (
			);
			inputPaths = (
			);
			name = "[CP] Check Pods Manifest.lock";
			outputPaths = (
			);
			runOnlyForDeploymentPostprocessing = 0;
			shellPath = /bin/sh;
			shellScript = "diff \"${PODS_ROOT}/../Podfile.lock\" \"${PODS_ROOT}/Manifest.lock\" > /dev/null\nif [[ $? != 0 ]] ; then\n    cat << EOM\nerror: The sandbox is not in sync with the Podfile.lock. Run 'pod install' or update your CocoaPods installation.\nEOM\n    exit 1\nfi\n";
			showEnvVarsInLog = 0;
		};
		74BF098B12F6E007D5663590 /* [CP] Check Pods Manifest.lock */ = {
			isa = PBXShellScriptBuildPhase;
			buildActionMask = 2147483647;
			files = (
			);
			inputPaths = (
			);
			name = "[CP] Check Pods Manifest.lock";
			outputPaths = (
			);
			runOnlyForDeploymentPostprocessing = 0;
			shellPath = /bin/sh;
			shellScript = "diff \"${PODS_ROOT}/../Podfile.lock\" \"${PODS_ROOT}/Manifest.lock\" > /dev/null\nif [[ $? != 0 ]] ; then\n    cat << EOM\nerror: The sandbox is not in sync with the Podfile.lock. Run 'pod install' or update your CocoaPods installation.\nEOM\n    exit 1\nfi\n";
			showEnvVarsInLog = 0;
		};
		A726E6B608CB8C684E4C1F3F /* [CP] Copy Pods Resources */ = {
			isa = PBXShellScriptBuildPhase;
			buildActionMask = 2147483647;
			files = (
			);
			inputPaths = (
			);
			name = "[CP] Copy Pods Resources";
			outputPaths = (
			);
			runOnlyForDeploymentPostprocessing = 0;
			shellPath = /bin/sh;
			shellScript = "\"${SRCROOT}/Pods/Target Support Files/Pods-Synth/Pods-Synth-resources.sh\"\n";
			showEnvVarsInLog = 0;
		};
		DEC2B2DCA2D59E66E15EAE85 /* [CP] Embed Pods Frameworks */ = {
			isa = PBXShellScriptBuildPhase;
			buildActionMask = 2147483647;
			files = (
			);
			inputPaths = (
			);
			name = "[CP] Embed Pods Frameworks";
			outputPaths = (
			);
			runOnlyForDeploymentPostprocessing = 0;
			shellPath = /bin/sh;
			shellScript = "\"${SRCROOT}/Pods/Target Support Files/Pods-SynthTests/Pods-SynthTests-frameworks.sh\"\n";
			showEnvVarsInLog = 0;
		};
/* End PBXShellScriptBuildPhase section */

/* Begin PBXSourcesBuildPhase section */
		7A7E2CC11DAF7C8800924E7C /* Sources */ = {
			isa = PBXSourcesBuildPhase;
			buildActionMask = 2147483647;
			files = (
				7A7E2CD11DAF7C8800924E7C /* Synth.xcdatamodeld in Sources */,
				02563D2D1DB0CED000583696 /* SynthVerticalSlider.swift in Sources */,
				7A7E2CCB1DAF7C8800924E7C /* ViewController.swift in Sources */,
				7A7E2CC91DAF7C8800924E7C /* AppDelegate.swift in Sources */,
				02563D281DAFCB4300583696 /* Emitter.swift in Sources */,
			);
			runOnlyForDeploymentPostprocessing = 0;
		};
		7A7E2CD81DAF7C8800924E7C /* Sources */ = {
			isa = PBXSourcesBuildPhase;
			buildActionMask = 2147483647;
			files = (
				7A7E2CE11DAF7C8800924E7C /* SynthTests.swift in Sources */,
			);
			runOnlyForDeploymentPostprocessing = 0;
		};
/* End PBXSourcesBuildPhase section */

/* Begin PBXTargetDependency section */
		7A7E2CDE1DAF7C8800924E7C /* PBXTargetDependency */ = {
			isa = PBXTargetDependency;
			target = 7A7E2CC41DAF7C8800924E7C /* Synth */;
			targetProxy = 7A7E2CDD1DAF7C8800924E7C /* PBXContainerItemProxy */;
		};
/* End PBXTargetDependency section */

/* Begin PBXVariantGroup section */
		7A7E2CCC1DAF7C8800924E7C /* Main.storyboard */ = {
			isa = PBXVariantGroup;
			children = (
				7A7E2CCD1DAF7C8800924E7C /* Base */,
			);
			name = Main.storyboard;
			sourceTree = "<group>";
		};
		7A7E2CD41DAF7C8800924E7C /* LaunchScreen.storyboard */ = {
			isa = PBXVariantGroup;
			children = (
				7A7E2CD51DAF7C8800924E7C /* Base */,
			);
			name = LaunchScreen.storyboard;
			sourceTree = "<group>";
		};
/* End PBXVariantGroup section */

/* Begin XCBuildConfiguration section */
		7A7E2CE31DAF7C8800924E7C /* Debug */ = {
			isa = XCBuildConfiguration;
			buildSettings = {
				ALWAYS_SEARCH_USER_PATHS = NO;
				CLANG_ANALYZER_NONNULL = YES;
				CLANG_CXX_LANGUAGE_STANDARD = "gnu++0x";
				CLANG_CXX_LIBRARY = "libc++";
				CLANG_ENABLE_MODULES = YES;
				CLANG_ENABLE_OBJC_ARC = YES;
				CLANG_WARN_BOOL_CONVERSION = YES;
				CLANG_WARN_CONSTANT_CONVERSION = YES;
				CLANG_WARN_DIRECT_OBJC_ISA_USAGE = YES_ERROR;
				CLANG_WARN_DOCUMENTATION_COMMENTS = YES;
				CLANG_WARN_EMPTY_BODY = YES;
				CLANG_WARN_ENUM_CONVERSION = YES;
				CLANG_WARN_INFINITE_RECURSION = YES;
				CLANG_WARN_INT_CONVERSION = YES;
				CLANG_WARN_OBJC_ROOT_CLASS = YES_ERROR;
				CLANG_WARN_SUSPICIOUS_MOVES = YES;
				CLANG_WARN_UNREACHABLE_CODE = YES;
				CLANG_WARN__DUPLICATE_METHOD_MATCH = YES;
				"CODE_SIGN_IDENTITY[sdk=iphoneos*]" = "iPhone Developer";
				COPY_PHASE_STRIP = NO;
				DEBUG_INFORMATION_FORMAT = dwarf;
				ENABLE_STRICT_OBJC_MSGSEND = YES;
				ENABLE_TESTABILITY = YES;
				GCC_C_LANGUAGE_STANDARD = gnu99;
				GCC_DYNAMIC_NO_PIC = NO;
				GCC_NO_COMMON_BLOCKS = YES;
				GCC_OPTIMIZATION_LEVEL = 0;
				GCC_PREPROCESSOR_DEFINITIONS = (
					"DEBUG=1",
					"$(inherited)",
				);
				GCC_WARN_64_TO_32_BIT_CONVERSION = YES;
				GCC_WARN_ABOUT_RETURN_TYPE = YES_ERROR;
				GCC_WARN_UNDECLARED_SELECTOR = YES;
				GCC_WARN_UNINITIALIZED_AUTOS = YES_AGGRESSIVE;
				GCC_WARN_UNUSED_FUNCTION = YES;
				GCC_WARN_UNUSED_VARIABLE = YES;
				IPHONEOS_DEPLOYMENT_TARGET = 10.0;
				MTL_ENABLE_DEBUG_INFO = YES;
				ONLY_ACTIVE_ARCH = YES;
				SDKROOT = iphoneos;
				SWIFT_ACTIVE_COMPILATION_CONDITIONS = DEBUG;
				SWIFT_OPTIMIZATION_LEVEL = "-Onone";
				TARGETED_DEVICE_FAMILY = "1,2";
			};
			name = Debug;
		};
		7A7E2CE41DAF7C8800924E7C /* Release */ = {
			isa = XCBuildConfiguration;
			buildSettings = {
				ALWAYS_SEARCH_USER_PATHS = NO;
				CLANG_ANALYZER_NONNULL = YES;
				CLANG_CXX_LANGUAGE_STANDARD = "gnu++0x";
				CLANG_CXX_LIBRARY = "libc++";
				CLANG_ENABLE_MODULES = YES;
				CLANG_ENABLE_OBJC_ARC = YES;
				CLANG_WARN_BOOL_CONVERSION = YES;
				CLANG_WARN_CONSTANT_CONVERSION = YES;
				CLANG_WARN_DIRECT_OBJC_ISA_USAGE = YES_ERROR;
				CLANG_WARN_DOCUMENTATION_COMMENTS = YES;
				CLANG_WARN_EMPTY_BODY = YES;
				CLANG_WARN_ENUM_CONVERSION = YES;
				CLANG_WARN_INFINITE_RECURSION = YES;
				CLANG_WARN_INT_CONVERSION = YES;
				CLANG_WARN_OBJC_ROOT_CLASS = YES_ERROR;
				CLANG_WARN_SUSPICIOUS_MOVES = YES;
				CLANG_WARN_UNREACHABLE_CODE = YES;
				CLANG_WARN__DUPLICATE_METHOD_MATCH = YES;
				"CODE_SIGN_IDENTITY[sdk=iphoneos*]" = "iPhone Developer";
				COPY_PHASE_STRIP = NO;
				DEBUG_INFORMATION_FORMAT = "dwarf-with-dsym";
				ENABLE_NS_ASSERTIONS = NO;
				ENABLE_STRICT_OBJC_MSGSEND = YES;
				GCC_C_LANGUAGE_STANDARD = gnu99;
				GCC_NO_COMMON_BLOCKS = YES;
				GCC_WARN_64_TO_32_BIT_CONVERSION = YES;
				GCC_WARN_ABOUT_RETURN_TYPE = YES_ERROR;
				GCC_WARN_UNDECLARED_SELECTOR = YES;
				GCC_WARN_UNINITIALIZED_AUTOS = YES_AGGRESSIVE;
				GCC_WARN_UNUSED_FUNCTION = YES;
				GCC_WARN_UNUSED_VARIABLE = YES;
				IPHONEOS_DEPLOYMENT_TARGET = 10.0;
				MTL_ENABLE_DEBUG_INFO = NO;
				SDKROOT = iphoneos;
				SWIFT_OPTIMIZATION_LEVEL = "-Owholemodule";
				TARGETED_DEVICE_FAMILY = "1,2";
				VALIDATE_PRODUCT = YES;
			};
			name = Release;
		};
		7A7E2CE61DAF7C8800924E7C /* Debug */ = {
			isa = XCBuildConfiguration;
			baseConfigurationReference = 2F442A6C88EF17071554F51B /* Pods-Synth.debug.xcconfig */;
			buildSettings = {
				ASSETCATALOG_COMPILER_APPICON_NAME = AppIcon;
				DEVELOPMENT_TEAM = CHG49WKQ27;
				INFOPLIST_FILE = Synth/Info.plist;
				LD_RUNPATH_SEARCH_PATHS = "$(inherited) @executable_path/Frameworks";
				PRODUCT_BUNDLE_IDENTIFIER = de.barcoo.iphone.Synth;
				PRODUCT_NAME = "$(TARGET_NAME)";
				SWIFT_VERSION = 3.0;
			};
			name = Debug;
		};
		7A7E2CE71DAF7C8800924E7C /* Release */ = {
			isa = XCBuildConfiguration;
			baseConfigurationReference = BA9C24229D6ACC07B5A9D888 /* Pods-Synth.release.xcconfig */;
			buildSettings = {
				ASSETCATALOG_COMPILER_APPICON_NAME = AppIcon;
				DEVELOPMENT_TEAM = CHG49WKQ27;
				INFOPLIST_FILE = Synth/Info.plist;
				LD_RUNPATH_SEARCH_PATHS = "$(inherited) @executable_path/Frameworks";
				PRODUCT_BUNDLE_IDENTIFIER = de.barcoo.iphone.Synth;
				PRODUCT_NAME = "$(TARGET_NAME)";
				SWIFT_VERSION = 3.0;
			};
			name = Release;
		};
		7A7E2CE91DAF7C8800924E7C /* Debug */ = {
			isa = XCBuildConfiguration;
			baseConfigurationReference = BB68CE7F329612FD7DDEDC2B /* Pods-SynthTests.debug.xcconfig */;
			buildSettings = {
				ALWAYS_EMBED_SWIFT_STANDARD_LIBRARIES = YES;
				BUNDLE_LOADER = "$(TEST_HOST)";
				INFOPLIST_FILE = SynthTests/Info.plist;
				LD_RUNPATH_SEARCH_PATHS = "$(inherited) @executable_path/Frameworks @loader_path/Frameworks";
				PRODUCT_BUNDLE_IDENTIFIER = de.barcoo.iphone.SynthTests;
				PRODUCT_NAME = "$(TARGET_NAME)";
				SWIFT_VERSION = 3.0;
				TEST_HOST = "$(BUILT_PRODUCTS_DIR)/Synth.app/Synth";
			};
			name = Debug;
		};
		7A7E2CEA1DAF7C8800924E7C /* Release */ = {
			isa = XCBuildConfiguration;
			baseConfigurationReference = E46349F60BDF6DD41C45833C /* Pods-SynthTests.release.xcconfig */;
			buildSettings = {
				ALWAYS_EMBED_SWIFT_STANDARD_LIBRARIES = YES;
				BUNDLE_LOADER = "$(TEST_HOST)";
				INFOPLIST_FILE = SynthTests/Info.plist;
				LD_RUNPATH_SEARCH_PATHS = "$(inherited) @executable_path/Frameworks @loader_path/Frameworks";
				PRODUCT_BUNDLE_IDENTIFIER = de.barcoo.iphone.SynthTests;
				PRODUCT_NAME = "$(TARGET_NAME)";
				SWIFT_VERSION = 3.0;
				TEST_HOST = "$(BUILT_PRODUCTS_DIR)/Synth.app/Synth";
			};
			name = Release;
		};
/* End XCBuildConfiguration section */

/* Begin XCConfigurationList section */
		7A7E2CC01DAF7C8800924E7C /* Build configuration list for PBXProject "Synth" */ = {
			isa = XCConfigurationList;
			buildConfigurations = (
				7A7E2CE31DAF7C8800924E7C /* Debug */,
				7A7E2CE41DAF7C8800924E7C /* Release */,
			);
			defaultConfigurationIsVisible = 0;
			defaultConfigurationName = Release;
		};
		7A7E2CE51DAF7C8800924E7C /* Build configuration list for PBXNativeTarget "Synth" */ = {
			isa = XCConfigurationList;
			buildConfigurations = (
				7A7E2CE61DAF7C8800924E7C /* Debug */,
				7A7E2CE71DAF7C8800924E7C /* Release */,
			);
			defaultConfigurationIsVisible = 0;
			defaultConfigurationName = Release;
		};
		7A7E2CE81DAF7C8800924E7C /* Build configuration list for PBXNativeTarget "SynthTests" */ = {
			isa = XCConfigurationList;
			buildConfigurations = (
				7A7E2CE91DAF7C8800924E7C /* Debug */,
				7A7E2CEA1DAF7C8800924E7C /* Release */,
			);
			defaultConfigurationIsVisible = 0;
			defaultConfigurationName = Release;
		};
/* End XCConfigurationList section */

/* Begin XCVersionGroup section */
		7A7E2CCF1DAF7C8800924E7C /* Synth.xcdatamodeld */ = {
			isa = XCVersionGroup;
			children = (
				7A7E2CD01DAF7C8800924E7C /* Synth.xcdatamodel */,
			);
			currentVersion = 7A7E2CD01DAF7C8800924E7C /* Synth.xcdatamodel */;
			path = Synth.xcdatamodeld;
			sourceTree = "<group>";
			versionGroupType = wrapper.xcdatamodel;
		};
/* End XCVersionGroup section */
	};
	rootObject = 7A7E2CBD1DAF7C8800924E7C /* Project object */;
}
