// !$*UTF8*$!
{
	archiveVersion = 1;
	classes = {
	};
	objectVersion = 46;
	objects = {

/* Begin PBXBuildFile section */
		7A7E2CC91DAF7C8800924E7C /* AppDelegate.swift in Sources */ = {isa = PBXBuildFile; fileRef = 7A7E2CC81DAF7C8800924E7C /* AppDelegate.swift */; };
		7A7E2CCB1DAF7C8800924E7C /* ViewController.swift in Sources */ = {isa = PBXBuildFile; fileRef = 7A7E2CCA1DAF7C8800924E7C /* ViewController.swift */; };
		7A7E2CCE1DAF7C8800924E7C /* Main.storyboard in Resources */ = {isa = PBXBuildFile; fileRef = 7A7E2CCC1DAF7C8800924E7C /* Main.storyboard */; };
		7A7E2CD11DAF7C8800924E7C /* Synth.xcdatamodeld in Sources */ = {isa = PBXBuildFile; fileRef = 7A7E2CCF1DAF7C8800924E7C /* Synth.xcdatamodeld */; };
		7A7E2CD31DAF7C8800924E7C /* Assets.xcassets in Resources */ = {isa = PBXBuildFile; fileRef = 7A7E2CD21DAF7C8800924E7C /* Assets.xcassets */; };
		7A7E2CD61DAF7C8800924E7C /* LaunchScreen.storyboard in Resources */ = {isa = PBXBuildFile; fileRef = 7A7E2CD41DAF7C8800924E7C /* LaunchScreen.storyboard */; };
		7A7E2CE11DAF7C8800924E7C /* SynthTests.swift in Sources */ = {isa = PBXBuildFile; fileRef = 7A7E2CE01DAF7C8800924E7C /* SynthTests.swift */; };
/* End PBXBuildFile section */

/* Begin PBXContainerItemProxy section */
		7A7E2CDD1DAF7C8800924E7C /* PBXContainerItemProxy */ = {
			isa = PBXContainerItemProxy;
			containerPortal = 7A7E2CBD1DAF7C8800924E7C /* Project object */;
			proxyType = 1;
			remoteGlobalIDString = 7A7E2CC41DAF7C8800924E7C;
			remoteInfo = Synth;
		};
/* End PBXContainerItemProxy section */

/* Begin PBXFileReference section */
		7A7E2CC51DAF7C8800924E7C /* Synth.app */ = {isa = PBXFileReference; explicitFileType = wrapper.application; includeInIndex = 0; path = Synth.app; sourceTree = BUILT_PRODUCTS_DIR; };
		7A7E2CC81DAF7C8800924E7C /* AppDelegate.swift */ = {isa = PBXFileReference; lastKnownFileType = sourcecode.swift; path = AppDelegate.swift; sourceTree = "<group>"; };
		7A7E2CCA1DAF7C8800924E7C /* ViewController.swift */ = {isa = PBXFileReference; lastKnownFileType = sourcecode.swift; path = ViewController.swift; sourceTree = "<group>"; };
		7A7E2CCD1DAF7C8800924E7C /* Base */ = {isa = PBXFileReference; lastKnownFileType = file.storyboard; name = Base; path = Base.lproj/Main.storyboard; sourceTree = "<group>"; };
		7A7E2CD01DAF7C8800924E7C /* Synth.xcdatamodel */ = {isa = PBXFileReference; lastKnownFileType = wrapper.xcdatamodel; path = Synth.xcdatamodel; sourceTree = "<group>"; };
		7A7E2CD21DAF7C8800924E7C /* Assets.xcassets */ = {isa = PBXFileReference; lastKnownFileType = folder.assetcatalog; path = Assets.xcassets; sourceTree = "<group>"; };
		7A7E2CD51DAF7C8800924E7C /* Base */ = {isa = PBXFileReference; lastKnownFileType = file.storyboard; name = Base; path = Base.lproj/LaunchScreen.storyboard; sourceTree = "<group>"; };
		7A7E2CD71DAF7C8800924E7C /* Info.plist */ = {isa = PBXFileReference; lastKnownFileType = text.plist.xml; path = Info.plist; sourceTree = "<group>"; };
		7A7E2CDC1DAF7C8800924E7C /* SynthTests.xctest */ = {isa = PBXFileReference; explicitFileType = wrapper.cfbundle; includeInIndex = 0; path = SynthTests.xctest; sourceTree = BUILT_PRODUCTS_DIR; };
		7A7E2CE01DAF7C8800924E7C /* SynthTests.swift */ = {isa = PBXFileReference; lastKnownFileType = sourcecode.swift; path = SynthTests.swift; sourceTree = "<group>"; };
		7A7E2CE21DAF7C8800924E7C /* Info.plist */ = {isa = PBXFileReference; lastKnownFileType = text.plist.xml; path = Info.plist; sourceTree = "<group>"; };
/* End PBXFileReference section */

/* Begin PBXFrameworksBuildPhase section */
		7A7E2CC21DAF7C8800924E7C /* Frameworks */ = {
			isa = PBXFrameworksBuildPhase;
			buildActionMask = 2147483647;
			files = (
			);
			runOnlyForDeploymentPostprocessing = 0;
		};
		7A7E2CD91DAF7C8800924E7C /* Frameworks */ = {
			isa = PBXFrameworksBuildPhase;
			buildActionMask = 2147483647;
			files = (
			);
			runOnlyForDeploymentPostprocessing = 0;
		};
/* End PBXFrameworksBuildPhase section */

/* Begin PBXGroup section */
		7A7E2CBC1DAF7C8800924E7C = {
			isa = PBXGroup;
			children = (
				7A7E2CC71DAF7C8800924E7C /* Synth */,
				7A7E2CDF1DAF7C8800924E7C /* SynthTests */,
				7A7E2CC61DAF7C8800924E7C /* Products */,
			);
			sourceTree = "<group>";
		};
		7A7E2CC61DAF7C8800924E7C /* Products */ = {
			isa = PBXGroup;
			children = (
				7A7E2CC51DAF7C8800924E7C /* Synth.app */,
				7A7E2CDC1DAF7C8800924E7C /* SynthTests.xctest */,
			);
			name = Products;
			sourceTree = "<group>";
		};
		7A7E2CC71DAF7C8800924E7C /* Synth */ = {
			isa = PBXGroup;
			children = (
				7A7E2CC81DAF7C8800924E7C /* AppDelegate.swift */,
				7A7E2CCA1DAF7C8800924E7C /* ViewController.swift */,
				7A7E2CCC1DAF7C8800924E7C /* Main.storyboard */,
				7A7E2CD21DAF7C8800924E7C /* Assets.xcassets */,
				7A7E2CD41DAF7C8800924E7C /* LaunchScreen.storyboard */,
				7A7E2CD71DAF7C8800924E7C /* Info.plist */,
				7A7E2CCF1DAF7C8800924E7C /* Synth.xcdatamodeld */,
			);
			path = Synth;
			sourceTree = "<group>";
		};
		7A7E2CDF1DAF7C8800924E7C /* SynthTests */ = {
			isa = PBXGroup;
			children = (
				7A7E2CE01DAF7C8800924E7C /* SynthTests.swift */,
				7A7E2CE21DAF7C8800924E7C /* Info.plist */,
			);
			path = SynthTests;
			sourceTree = "<group>";
		};
/* End PBXGroup section */

/* Begin PBXNativeTarget section */
		7A7E2CC41DAF7C8800924E7C /* Synth */ = {
			isa = PBXNativeTarget;
			buildConfigurationList = 7A7E2CE51DAF7C8800924E7C /* Build configuration list for PBXNativeTarget "Synth" */;
			buildPhases = (
				7A7E2CC11DAF7C8800924E7C /* Sources */,
				7A7E2CC21DAF7C8800924E7C /* Frameworks */,
				7A7E2CC31DAF7C8800924E7C /* Resources */,
			);
			buildRules = (
			);
			dependencies = (
			);
			name = Synth;
			productName = Synth;
			productReference = 7A7E2CC51DAF7C8800924E7C /* Synth.app */;
			productType = "com.apple.product-type.application";
		};
		7A7E2CDB1DAF7C8800924E7C /* SynthTests */ = {
			isa = PBXNativeTarget;
			buildConfigurationList = 7A7E2CE81DAF7C8800924E7C /* Build configuration list for PBXNativeTarget "SynthTests" */;
			buildPhases = (
				7A7E2CD81DAF7C8800924E7C /* Sources */,
				7A7E2CD91DAF7C8800924E7C /* Frameworks */,
				7A7E2CDA1DAF7C8800924E7C /* Resources */,
			);
			buildRules = (
			);
			dependencies = (
				7A7E2CDE1DAF7C8800924E7C /* PBXTargetDependency */,
			);
			name = SynthTests;
			productName = SynthTests;
			productReference = 7A7E2CDC1DAF7C8800924E7C /* SynthTests.xctest */;
			productType = "com.apple.product-type.bundle.unit-test";
		};
/* End PBXNativeTarget section */

/* Begin PBXProject section */
		7A7E2CBD1DAF7C8800924E7C /* Project object */ = {
			isa = PBXProject;
			attributes = {
				LastSwiftUpdateCheck = 0800;
				LastUpgradeCheck = 0800;
				ORGANIZATIONNAME = Federico;
				TargetAttributes = {
					7A7E2CC41DAF7C8800924E7C = {
						CreatedOnToolsVersion = 8.0;
						ProvisioningStyle = Automatic;
					};
					7A7E2CDB1DAF7C8800924E7C = {
						CreatedOnToolsVersion = 8.0;
						ProvisioningStyle = Automatic;
						TestTargetID = 7A7E2CC41DAF7C8800924E7C;
					};
				};
			};
			buildConfigurationList = 7A7E2CC01DAF7C8800924E7C /* Build configuration list for PBXProject "Synth" */;
			compatibilityVersion = "Xcode 3.2";
			developmentRegion = English;
			hasScannedForEncodings = 0;
			knownRegions = (
				en,
				Base,
			);
			mainGroup = 7A7E2CBC1DAF7C8800924E7C;
			productRefGroup = 7A7E2CC61DAF7C8800924E7C /* Products */;
			projectDirPath = "";
			projectRoot = "";
			targets = (
				7A7E2CC41DAF7C8800924E7C /* Synth */,
				7A7E2CDB1DAF7C8800924E7C /* SynthTests */,
			);
		};
/* End PBXProject section */

/* Begin PBXResourcesBuildPhase section */
		7A7E2CC31DAF7C8800924E7C /* Resources */ = {
			isa = PBXResourcesBuildPhase;
			buildActionMask = 2147483647;
			files = (
				7A7E2CD61DAF7C8800924E7C /* LaunchScreen.storyboard in Resources */,
				7A7E2CD31DAF7C8800924E7C /* Assets.xcassets in Resources */,
				7A7E2CCE1DAF7C8800924E7C /* Main.storyboard in Resources */,
			);
			runOnlyForDeploymentPostprocessing = 0;
		};
		7A7E2CDA1DAF7C8800924E7C /* Resources */ = {
			isa = PBXResourcesBuildPhase;
			buildActionMask = 2147483647;
			files = (
			);
			runOnlyForDeploymentPostprocessing = 0;
		};
/* End PBXResourcesBuildPhase section */

/* Begin PBXSourcesBuildPhase section */
		7A7E2CC11DAF7C8800924E7C /* Sources */ = {
			isa = PBXSourcesBuildPhase;
			buildActionMask = 2147483647;
			files = (
				7A7E2CD11DAF7C8800924E7C /* Synth.xcdatamodeld in Sources */,
				7A7E2CCB1DAF7C8800924E7C /* ViewController.swift in Sources */,
				7A7E2CC91DAF7C8800924E7C /* AppDelegate.swift in Sources */,
			);
			runOnlyForDeploymentPostprocessing = 0;
		};
		7A7E2CD81DAF7C8800924E7C /* Sources */ = {
			isa = PBXSourcesBuildPhase;
			buildActionMask = 2147483647;
			files = (
				7A7E2CE11DAF7C8800924E7C /* SynthTests.swift in Sources */,
			);
			runOnlyForDeploymentPostprocessing = 0;
		};
/* End PBXSourcesBuildPhase section */

/* Begin PBXTargetDependency section */
		7A7E2CDE1DAF7C8800924E7C /* PBXTargetDependency */ = {
			isa = PBXTargetDependency;
			target = 7A7E2CC41DAF7C8800924E7C /* Synth */;
			targetProxy = 7A7E2CDD1DAF7C8800924E7C /* PBXContainerItemProxy */;
		};
/* End PBXTargetDependency section */

/* Begin PBXVariantGroup section */
		7A7E2CCC1DAF7C8800924E7C /* Main.storyboard */ = {
			isa = PBXVariantGroup;
			children = (
				7A7E2CCD1DAF7C8800924E7C /* Base */,
			);
			name = Main.storyboard;
			sourceTree = "<group>";
		};
		7A7E2CD41DAF7C8800924E7C /* LaunchScreen.storyboard */ = {
			isa = PBXVariantGroup;
			children = (
				7A7E2CD51DAF7C8800924E7C /* Base */,
			);
			name = LaunchScreen.storyboard;
			sourceTree = "<group>";
		};
/* End PBXVariantGroup section */

/* Begin XCBuildConfiguration section */
		7A7E2CE31DAF7C8800924E7C /* Debug */ = {
			isa = XCBuildConfiguration;
			buildSettings = {
				ALWAYS_SEARCH_USER_PATHS = NO;
				CLANG_ANALYZER_NONNULL = YES;
				CLANG_CXX_LANGUAGE_STANDARD = "gnu++0x";
				CLANG_CXX_LIBRARY = "libc++";
				CLANG_ENABLE_MODULES = YES;
				CLANG_ENABLE_OBJC_ARC = YES;
				CLANG_WARN_BOOL_CONVERSION = YES;
				CLANG_WARN_CONSTANT_CONVERSION = YES;
				CLANG_WARN_DIRECT_OBJC_ISA_USAGE = YES_ERROR;
				CLANG_WARN_DOCUMENTATION_COMMENTS = YES;
				CLANG_WARN_EMPTY_BODY = YES;
				CLANG_WARN_ENUM_CONVERSION = YES;
				CLANG_WARN_INFINITE_RECURSION = YES;
				CLANG_WARN_INT_CONVERSION = YES;
				CLANG_WARN_OBJC_ROOT_CLASS = YES_ERROR;
				CLANG_WARN_SUSPICIOUS_MOVES = YES;
				CLANG_WARN_UNREACHABLE_CODE = YES;
				CLANG_WARN__DUPLICATE_METHOD_MATCH = YES;
				"CODE_SIGN_IDENTITY[sdk=iphoneos*]" = "iPhone Developer";
				COPY_PHASE_STRIP = NO;
				DEBUG_INFORMATION_FORMAT = dwarf;
				ENABLE_STRICT_OBJC_MSGSEND = YES;
				ENABLE_TESTABILITY = YES;
				GCC_C_LANGUAGE_STANDARD = gnu99;
				GCC_DYNAMIC_NO_PIC = NO;
				GCC_NO_COMMON_BLOCKS = YES;
				GCC_OPTIMIZATION_LEVEL = 0;
				GCC_PREPROCESSOR_DEFINITIONS = (
					"DEBUG=1",
					"$(inherited)",
				);
				GCC_WARN_64_TO_32_BIT_CONVERSION = YES;
				GCC_WARN_ABOUT_RETURN_TYPE = YES_ERROR;
				GCC_WARN_UNDECLARED_SELECTOR = YES;
				GCC_WARN_UNINITIALIZED_AUTOS = YES_AGGRESSIVE;
				GCC_WARN_UNUSED_FUNCTION = YES;
				GCC_WARN_UNUSED_VARIABLE = YES;
				IPHONEOS_DEPLOYMENT_TARGET = 10.0;
				MTL_ENABLE_DEBUG_INFO = YES;
				ONLY_ACTIVE_ARCH = YES;
				SDKROOT = iphoneos;
				SWIFT_ACTIVE_COMPILATION_CONDITIONS = DEBUG;
				SWIFT_OPTIMIZATION_LEVEL = "-Onone";
				TARGETED_DEVICE_FAMILY = "1,2";
			};
			name = Debug;
		};
		7A7E2CE41DAF7C8800924E7C /* Release */ = {
			isa = XCBuildConfiguration;
			buildSettings = {
				ALWAYS_SEARCH_USER_PATHS = NO;
				CLANG_ANALYZER_NONNULL = YES;
				CLANG_CXX_LANGUAGE_STANDARD = "gnu++0x";
				CLANG_CXX_LIBRARY = "libc++";
				CLANG_ENABLE_MODULES = YES;
				CLANG_ENABLE_OBJC_ARC = YES;
				CLANG_WARN_BOOL_CONVERSION = YES;
				CLANG_WARN_CONSTANT_CONVERSION = YES;
				CLANG_WARN_DIRECT_OBJC_ISA_USAGE = YES_ERROR;
				CLANG_WARN_DOCUMENTATION_COMMENTS = YES;
				CLANG_WARN_EMPTY_BODY = YES;
				CLANG_WARN_ENUM_CONVERSION = YES;
				CLANG_WARN_INFINITE_RECURSION = YES;
				CLANG_WARN_INT_CONVERSION = YES;
				CLANG_WARN_OBJC_ROOT_CLASS = YES_ERROR;
				CLANG_WARN_SUSPICIOUS_MOVES = YES;
				CLANG_WARN_UNREACHABLE_CODE = YES;
				CLANG_WARN__DUPLICATE_METHOD_MATCH = YES;
				"CODE_SIGN_IDENTITY[sdk=iphoneos*]" = "iPhone Developer";
				COPY_PHASE_STRIP = NO;
				DEBUG_INFORMATION_FORMAT = "dwarf-with-dsym";
				ENABLE_NS_ASSERTIONS = NO;
				ENABLE_STRICT_OBJC_MSGSEND = YES;
				GCC_C_LANGUAGE_STANDARD = gnu99;
				GCC_NO_COMMON_BLOCKS = YES;
				GCC_WARN_64_TO_32_BIT_CONVERSION = YES;
				GCC_WARN_ABOUT_RETURN_TYPE = YES_ERROR;
				GCC_WARN_UNDECLARED_SELECTOR = YES;
				GCC_WARN_UNINITIALIZED_AUTOS = YES_AGGRESSIVE;
				GCC_WARN_UNUSED_FUNCTION = YES;
				GCC_WARN_UNUSED_VARIABLE = YES;
				IPHONEOS_DEPLOYMENT_TARGET = 10.0;
				MTL_ENABLE_DEBUG_INFO = NO;
				SDKROOT = iphoneos;
				SWIFT_OPTIMIZATION_LEVEL = "-Owholemodule";
				TARGETED_DEVICE_FAMILY = "1,2";
				VALIDATE_PRODUCT = YES;
			};
			name = Release;
		};
		7A7E2CE61DAF7C8800924E7C /* Debug */ = {
			isa = XCBuildConfiguration;
			buildSettings = {
				ASSETCATALOG_COMPILER_APPICON_NAME = AppIcon;
				INFOPLIST_FILE = Synth/Info.plist;
				LD_RUNPATH_SEARCH_PATHS = "$(inherited) @executable_path/Frameworks";
				PRODUCT_BUNDLE_IDENTIFIER = de.barcoo.iphone.Synth;
				PRODUCT_NAME = "$(TARGET_NAME)";
				SWIFT_VERSION = 3.0;
			};
			name = Debug;
		};
		7A7E2CE71DAF7C8800924E7C /* Release */ = {
			isa = XCBuildConfiguration;
			buildSettings = {
				ASSETCATALOG_COMPILER_APPICON_NAME = AppIcon;
				INFOPLIST_FILE = Synth/Info.plist;
				LD_RUNPATH_SEARCH_PATHS = "$(inherited) @executable_path/Frameworks";
				PRODUCT_BUNDLE_IDENTIFIER = de.barcoo.iphone.Synth;
				PRODUCT_NAME = "$(TARGET_NAME)";
				SWIFT_VERSION = 3.0;
			};
			name = Release;
		};
		7A7E2CE91DAF7C8800924E7C /* Debug */ = {
			isa = XCBuildConfiguration;
			buildSettings = {
				ALWAYS_EMBED_SWIFT_STANDARD_LIBRARIES = YES;
				BUNDLE_LOADER = "$(TEST_HOST)";
				INFOPLIST_FILE = SynthTests/Info.plist;
				LD_RUNPATH_SEARCH_PATHS = "$(inherited) @executable_path/Frameworks @loader_path/Frameworks";
				PRODUCT_BUNDLE_IDENTIFIER = de.barcoo.iphone.SynthTests;
				PRODUCT_NAME = "$(TARGET_NAME)";
				SWIFT_VERSION = 3.0;
				TEST_HOST = "$(BUILT_PRODUCTS_DIR)/Synth.app/Synth";
			};
			name = Debug;
		};
		7A7E2CEA1DAF7C8800924E7C /* Release */ = {
			isa = XCBuildConfiguration;
			buildSettings = {
				ALWAYS_EMBED_SWIFT_STANDARD_LIBRARIES = YES;
				BUNDLE_LOADER = "$(TEST_HOST)";
				INFOPLIST_FILE = SynthTests/Info.plist;
				LD_RUNPATH_SEARCH_PATHS = "$(inherited) @executable_path/Frameworks @loader_path/Frameworks";
				PRODUCT_BUNDLE_IDENTIFIER = de.barcoo.iphone.SynthTests;
				PRODUCT_NAME = "$(TARGET_NAME)";
				SWIFT_VERSION = 3.0;
				TEST_HOST = "$(BUILT_PRODUCTS_DIR)/Synth.app/Synth";
			};
			name = Release;
		};
/* End XCBuildConfiguration section */

/* Begin XCConfigurationList section */
		7A7E2CC01DAF7C8800924E7C /* Build configuration list for PBXProject "Synth" */ = {
			isa = XCConfigurationList;
			buildConfigurations = (
				7A7E2CE31DAF7C8800924E7C /* Debug */,
				7A7E2CE41DAF7C8800924E7C /* Release */,
			);
			defaultConfigurationIsVisible = 0;
			defaultConfigurationName = Release;
		};
		7A7E2CE51DAF7C8800924E7C /* Build configuration list for PBXNativeTarget "Synth" */ = {
			isa = XCConfigurationList;
			buildConfigurations = (
				7A7E2CE61DAF7C8800924E7C /* Debug */,
				7A7E2CE71DAF7C8800924E7C /* Release */,
			);
			defaultConfigurationIsVisible = 0;
		};
		7A7E2CE81DAF7C8800924E7C /* Build configuration list for PBXNativeTarget "SynthTests" */ = {
			isa = XCConfigurationList;
			buildConfigurations = (
				7A7E2CE91DAF7C8800924E7C /* Debug */,
				7A7E2CEA1DAF7C8800924E7C /* Release */,
			);
			defaultConfigurationIsVisible = 0;
		};
/* End XCConfigurationList section */

/* Begin XCVersionGroup section */
		7A7E2CCF1DAF7C8800924E7C /* Synth.xcdatamodeld */ = {
			isa = XCVersionGroup;
			children = (
				7A7E2CD01DAF7C8800924E7C /* Synth.xcdatamodel */,
			);
			currentVersion = 7A7E2CD01DAF7C8800924E7C /* Synth.xcdatamodel */;
			path = Synth.xcdatamodeld;
			sourceTree = "<group>";
			versionGroupType = wrapper.xcdatamodel;
		};
/* End XCVersionGroup section */
	};
	rootObject = 7A7E2CBD1DAF7C8800924E7C /* Project object */;
}
